
Microsoft Visual Studio Solution File, Format Version 12.00
# Visual Studio Version 17
VisualStudioVersion = 17.5.2.0
MinimumVisualStudioVersion = 10.0.40219.1
Project("{2150E333-8FDC-42A3-9474-1A3956D46DE8}") = "Problems", "Problems", "{BEC6521A-F901-2BBF-F273-35A4FDC6E8A1}"
EndProject
Project("{2150E333-8FDC-42A3-9474-1A3956D46DE8}") = "00001-00100", "00001-00100", "{485D1401-5DD6-0FD9-DBA8-4E87E45562BC}"
EndProject
Project("{2150E333-8FDC-42A3-9474-1A3956D46DE8}") = "00001 Two Sum", "00001 Two Sum", "{5E6D220B-F944-3789-D2B6-24CD6C49178C}"
EndProject
Project("{FAE04EC0-301F-11D3-BF4B-00C04F79EFBC}") = "Two_Sum", "Problems\00001-00100\00001 Two Sum\Two_Sum.csproj", "{34076962-EC4E-4889-BFDA-48B76420AA76}"
EndProject
Project("{2150E333-8FDC-42A3-9474-1A3956D46DE8}") = "00002 Add Two Numbers", "00002 Add Two Numbers", "{201039B3-E9B6-DC77-B271-A055CEED4758}"
EndProject
Project("{FAE04EC0-301F-11D3-BF4B-00C04F79EFBC}") = "Add_Two_Numbers", "Problems\00001-00100\00002 Add Two Numbers\Add_Two_Numbers.csproj", "{3C0B0432-E6CC-4C74-871E-B2124AE461F4}"
EndProject
Project("{2150E333-8FDC-42A3-9474-1A3956D46DE8}") = "00003 Longest Substring Without Repeating Characters", "00003 Longest Substring Without Repeating Characters", "{72D62C4C-97F8-4F31-9914-2D05D6AC3EC5}"
EndProject
Project("{FAE04EC0-301F-11D3-BF4B-00C04F79EFBC}") = "Longest Substring Without Repeating Characters", "Problems\00001-00100\00003 Longest Substring Without Repeating Characters\Longest Substring Without Repeating Characters.csproj", "{CBC32C30-EB7E-40FC-8EA3-3610C3F786F7}"
EndProject
Project("{2150E333-8FDC-42A3-9474-1A3956D46DE8}") = "00004 Median of Two Sorted Arrays", "00004 Median of Two Sorted Arrays", "{EBA57C09-1BA8-1E5E-4875-98BD44F964F1}"
EndProject
Project("{FAE04EC0-301F-11D3-BF4B-00C04F79EFBC}") = "Median of Two Sorted Arrays", "Problems\00001-00100\00004 Median of Two Sorted Arrays\Median of Two Sorted Arrays.csproj", "{F6A42834-4613-442D-BE3D-D5F5089645AF}"
EndProject
Project("{2150E333-8FDC-42A3-9474-1A3956D46DE8}") = "00005 Longest Palindromic Substring", "00005 Longest Palindromic Substring", "{C043F36B-130F-6A23-7036-86B499676C41}"
EndProject
Project("{FAE04EC0-301F-11D3-BF4B-00C04F79EFBC}") = "Longest Palindromic Substring", "Problems\00001-00100\00005 Longest Palindromic Substring\Longest Palindromic Substring.csproj", "{7246D01E-7178-4ECA-AE1D-EF04B1ED7D6E}"
EndProject
Project("{2150E333-8FDC-42A3-9474-1A3956D46DE8}") = "00006 Zigzag Conversion", "00006 Zigzag Conversion", "{6B381AA6-3BD6-8DBA-2728-31EF2AB7F6B3}"
EndProject
Project("{FAE04EC0-301F-11D3-BF4B-00C04F79EFBC}") = "Zigzag Conversion", "Problems\00001-00100\00006 Zigzag Conversion\Zigzag Conversion.csproj", "{F4ABBE2D-F40B-405D-9EB7-DE1CC142D1E1}"
EndProject
Global
	GlobalSection(SolutionConfigurationPlatforms) = preSolution
		Debug|Any CPU = Debug|Any CPU
		Debug|x64 = Debug|x64
		Debug|x86 = Debug|x86
		Release|Any CPU = Release|Any CPU
		Release|x64 = Release|x64
		Release|x86 = Release|x86
	EndGlobalSection
	GlobalSection(ProjectConfigurationPlatforms) = postSolution
		{34076962-EC4E-4889-BFDA-48B76420AA76}.Debug|Any CPU.ActiveCfg = Debug|Any CPU
		{34076962-EC4E-4889-BFDA-48B76420AA76}.Debug|Any CPU.Build.0 = Debug|Any CPU
		{34076962-EC4E-4889-BFDA-48B76420AA76}.Debug|x64.ActiveCfg = Debug|Any CPU
		{34076962-EC4E-4889-BFDA-48B76420AA76}.Debug|x64.Build.0 = Debug|Any CPU
		{34076962-EC4E-4889-BFDA-48B76420AA76}.Debug|x86.ActiveCfg = Debug|Any CPU
		{34076962-EC4E-4889-BFDA-48B76420AA76}.Debug|x86.Build.0 = Debug|Any CPU
		{34076962-EC4E-4889-BFDA-48B76420AA76}.Release|Any CPU.ActiveCfg = Release|Any CPU
		{34076962-EC4E-4889-BFDA-48B76420AA76}.Release|Any CPU.Build.0 = Release|Any CPU
		{34076962-EC4E-4889-BFDA-48B76420AA76}.Release|x64.ActiveCfg = Release|Any CPU
		{34076962-EC4E-4889-BFDA-48B76420AA76}.Release|x64.Build.0 = Release|Any CPU
		{34076962-EC4E-4889-BFDA-48B76420AA76}.Release|x86.ActiveCfg = Release|Any CPU
		{34076962-EC4E-4889-BFDA-48B76420AA76}.Release|x86.Build.0 = Release|Any CPU
		{3C0B0432-E6CC-4C74-871E-B2124AE461F4}.Debug|Any CPU.ActiveCfg = Debug|Any CPU
		{3C0B0432-E6CC-4C74-871E-B2124AE461F4}.Debug|Any CPU.Build.0 = Debug|Any CPU
		{3C0B0432-E6CC-4C74-871E-B2124AE461F4}.Debug|x64.ActiveCfg = Debug|Any CPU
		{3C0B0432-E6CC-4C74-871E-B2124AE461F4}.Debug|x64.Build.0 = Debug|Any CPU
		{3C0B0432-E6CC-4C74-871E-B2124AE461F4}.Debug|x86.ActiveCfg = Debug|Any CPU
		{3C0B0432-E6CC-4C74-871E-B2124AE461F4}.Debug|x86.Build.0 = Debug|Any CPU
		{3C0B0432-E6CC-4C74-871E-B2124AE461F4}.Release|Any CPU.ActiveCfg = Release|Any CPU
		{3C0B0432-E6CC-4C74-871E-B2124AE461F4}.Release|Any CPU.Build.0 = Release|Any CPU
		{3C0B0432-E6CC-4C74-871E-B2124AE461F4}.Release|x64.ActiveCfg = Release|Any CPU
		{3C0B0432-E6CC-4C74-871E-B2124AE461F4}.Release|x64.Build.0 = Release|Any CPU
		{3C0B0432-E6CC-4C74-871E-B2124AE461F4}.Release|x86.ActiveCfg = Release|Any CPU
		{3C0B0432-E6CC-4C74-871E-B2124AE461F4}.Release|x86.Build.0 = Release|Any CPU
		{CBC32C30-EB7E-40FC-8EA3-3610C3F786F7}.Debug|Any CPU.ActiveCfg = Debug|Any CPU
		{CBC32C30-EB7E-40FC-8EA3-3610C3F786F7}.Debug|Any CPU.Build.0 = Debug|Any CPU
		{CBC32C30-EB7E-40FC-8EA3-3610C3F786F7}.Debug|x64.ActiveCfg = Debug|Any CPU
		{CBC32C30-EB7E-40FC-8EA3-3610C3F786F7}.Debug|x64.Build.0 = Debug|Any CPU
		{CBC32C30-EB7E-40FC-8EA3-3610C3F786F7}.Debug|x86.ActiveCfg = Debug|Any CPU
		{CBC32C30-EB7E-40FC-8EA3-3610C3F786F7}.Debug|x86.Build.0 = Debug|Any CPU
		{CBC32C30-EB7E-40FC-8EA3-3610C3F786F7}.Release|Any CPU.ActiveCfg = Release|Any CPU
		{CBC32C30-EB7E-40FC-8EA3-3610C3F786F7}.Release|Any CPU.Build.0 = Release|Any CPU
		{CBC32C30-EB7E-40FC-8EA3-3610C3F786F7}.Release|x64.ActiveCfg = Release|Any CPU
		{CBC32C30-EB7E-40FC-8EA3-3610C3F786F7}.Release|x64.Build.0 = Release|Any CPU
		{CBC32C30-EB7E-40FC-8EA3-3610C3F786F7}.Release|x86.ActiveCfg = Release|Any CPU
		{CBC32C30-EB7E-40FC-8EA3-3610C3F786F7}.Release|x86.Build.0 = Release|Any CPU
		{F6A42834-4613-442D-BE3D-D5F5089645AF}.Debug|Any CPU.ActiveCfg = Debug|Any CPU
		{F6A42834-4613-442D-BE3D-D5F5089645AF}.Debug|Any CPU.Build.0 = Debug|Any CPU
		{F6A42834-4613-442D-BE3D-D5F5089645AF}.Debug|x64.ActiveCfg = Debug|Any CPU
		{F6A42834-4613-442D-BE3D-D5F5089645AF}.Debug|x64.Build.0 = Debug|Any CPU
		{F6A42834-4613-442D-BE3D-D5F5089645AF}.Debug|x86.ActiveCfg = Debug|Any CPU
		{F6A42834-4613-442D-BE3D-D5F5089645AF}.Debug|x86.Build.0 = Debug|Any CPU
		{F6A42834-4613-442D-BE3D-D5F5089645AF}.Release|Any CPU.ActiveCfg = Release|Any CPU
		{F6A42834-4613-442D-BE3D-D5F5089645AF}.Release|Any CPU.Build.0 = Release|Any CPU
		{F6A42834-4613-442D-BE3D-D5F5089645AF}.Release|x64.ActiveCfg = Release|Any CPU
		{F6A42834-4613-442D-BE3D-D5F5089645AF}.Release|x64.Build.0 = Release|Any CPU
		{F6A42834-4613-442D-BE3D-D5F5089645AF}.Release|x86.ActiveCfg = Release|Any CPU
		{F6A42834-4613-442D-BE3D-D5F5089645AF}.Release|x86.Build.0 = Release|Any CPU
		{7246D01E-7178-4ECA-AE1D-EF04B1ED7D6E}.Debug|Any CPU.ActiveCfg = Debug|Any CPU
		{7246D01E-7178-4ECA-AE1D-EF04B1ED7D6E}.Debug|Any CPU.Build.0 = Debug|Any CPU
		{7246D01E-7178-4ECA-AE1D-EF04B1ED7D6E}.Debug|x64.ActiveCfg = Debug|Any CPU
		{7246D01E-7178-4ECA-AE1D-EF04B1ED7D6E}.Debug|x64.Build.0 = Debug|Any CPU
		{7246D01E-7178-4ECA-AE1D-EF04B1ED7D6E}.Debug|x86.ActiveCfg = Debug|Any CPU
		{7246D01E-7178-4ECA-AE1D-EF04B1ED7D6E}.Debug|x86.Build.0 = Debug|Any CPU
		{7246D01E-7178-4ECA-AE1D-EF04B1ED7D6E}.Release|Any CPU.ActiveCfg = Release|Any CPU
		{7246D01E-7178-4ECA-AE1D-EF04B1ED7D6E}.Release|Any CPU.Build.0 = Release|Any CPU
		{7246D01E-7178-4ECA-AE1D-EF04B1ED7D6E}.Release|x64.ActiveCfg = Release|Any CPU
		{7246D01E-7178-4ECA-AE1D-EF04B1ED7D6E}.Release|x64.Build.0 = Release|Any CPU
		{7246D01E-7178-4ECA-AE1D-EF04B1ED7D6E}.Release|x86.ActiveCfg = Release|Any CPU
		{7246D01E-7178-4ECA-AE1D-EF04B1ED7D6E}.Release|x86.Build.0 = Release|Any CPU
		{F4ABBE2D-F40B-405D-9EB7-DE1CC142D1E1}.Debug|Any CPU.ActiveCfg = Debug|Any CPU
		{F4ABBE2D-F40B-405D-9EB7-DE1CC142D1E1}.Debug|Any CPU.Build.0 = Debug|Any CPU
		{F4ABBE2D-F40B-405D-9EB7-DE1CC142D1E1}.Debug|x64.ActiveCfg = Debug|Any CPU
		{F4ABBE2D-F40B-405D-9EB7-DE1CC142D1E1}.Debug|x64.Build.0 = Debug|Any CPU
		{F4ABBE2D-F40B-405D-9EB7-DE1CC142D1E1}.Debug|x86.ActiveCfg = Debug|Any CPU
		{F4ABBE2D-F40B-405D-9EB7-DE1CC142D1E1}.Debug|x86.Build.0 = Debug|Any CPU
		{F4ABBE2D-F40B-405D-9EB7-DE1CC142D1E1}.Release|Any CPU.ActiveCfg = Release|Any CPU
		{F4ABBE2D-F40B-405D-9EB7-DE1CC142D1E1}.Release|Any CPU.Build.0 = Release|Any CPU
		{F4ABBE2D-F40B-405D-9EB7-DE1CC142D1E1}.Release|x64.ActiveCfg = Release|Any CPU
		{F4ABBE2D-F40B-405D-9EB7-DE1CC142D1E1}.Release|x64.Build.0 = Release|Any CPU
		{F4ABBE2D-F40B-405D-9EB7-DE1CC142D1E1}.Release|x86.ActiveCfg = Release|Any CPU
		{F4ABBE2D-F40B-405D-9EB7-DE1CC142D1E1}.Release|x86.Build.0 = Release|Any CPU
	EndGlobalSection
	GlobalSection(SolutionProperties) = preSolution
		HideSolutionNode = FALSE
	EndGlobalSection
	GlobalSection(NestedProjects) = preSolution
		{485D1401-5DD6-0FD9-DBA8-4E87E45562BC} = {BEC6521A-F901-2BBF-F273-35A4FDC6E8A1}
		{5E6D220B-F944-3789-D2B6-24CD6C49178C} = {485D1401-5DD6-0FD9-DBA8-4E87E45562BC}
		{34076962-EC4E-4889-BFDA-48B76420AA76} = {5E6D220B-F944-3789-D2B6-24CD6C49178C}
		{201039B3-E9B6-DC77-B271-A055CEED4758} = {485D1401-5DD6-0FD9-DBA8-4E87E45562BC}
		{3C0B0432-E6CC-4C74-871E-B2124AE461F4} = {201039B3-E9B6-DC77-B271-A055CEED4758}
		{72D62C4C-97F8-4F31-9914-2D05D6AC3EC5} = {485D1401-5DD6-0FD9-DBA8-4E87E45562BC}
		{CBC32C30-EB7E-40FC-8EA3-3610C3F786F7} = {72D62C4C-97F8-4F31-9914-2D05D6AC3EC5}
		{EBA57C09-1BA8-1E5E-4875-98BD44F964F1} = {485D1401-5DD6-0FD9-DBA8-4E87E45562BC}
		{F6A42834-4613-442D-BE3D-D5F5089645AF} = {EBA57C09-1BA8-1E5E-4875-98BD44F964F1}
		{C043F36B-130F-6A23-7036-86B499676C41} = {485D1401-5DD6-0FD9-DBA8-4E87E45562BC}
		{7246D01E-7178-4ECA-AE1D-EF04B1ED7D6E} = {C043F36B-130F-6A23-7036-86B499676C41}
		{6B381AA6-3BD6-8DBA-2728-31EF2AB7F6B3} = {485D1401-5DD6-0FD9-DBA8-4E87E45562BC}
		{F4ABBE2D-F40B-405D-9EB7-DE1CC142D1E1} = {6B381AA6-3BD6-8DBA-2728-31EF2AB7F6B3}
	EndGlobalSection
	GlobalSection(ExtensibilityGlobals) = postSolution
		SolutionGuid = {9B10647F-46EA-4DB5-AA5F-5015BED21DA2}
	EndGlobalSection
EndGlobal
