
Microsoft Visual Studio Solution File, Format Version 12.00
# Visual Studio Version 17
VisualStudioVersion = 17.5.2.0
MinimumVisualStudioVersion = 10.0.40219.1
Project("{2150E333-8FDC-42A3-9474-1A3956D46DE8}") = "Problems", "Problems", "{BEC6521A-F901-2BBF-F273-35A4FDC6E8A1}"
EndProject
Project("{2150E333-8FDC-42A3-9474-1A3956D46DE8}") = "00001-00100", "00001-00100", "{485D1401-5DD6-0FD9-DBA8-4E87E45562BC}"
EndProject
Project("{2150E333-8FDC-42A3-9474-1A3956D46DE8}") = "00001 Two Sum", "00001 Two Sum", "{5E6D220B-F944-3789-D2B6-24CD6C49178C}"
EndProject
Project("{FAE04EC0-301F-11D3-BF4B-00C04F79EFBC}") = "Two_Sum", "Problems\00001-00100\00001 Two Sum\Two_Sum.csproj", "{8140B399-FDA8-42C9-93D0-A772429E3E52}"
EndProject
Global
	GlobalSection(SolutionConfigurationPlatforms) = preSolution
		Debug|Any CPU = Debug|Any CPU
		Debug|x64 = Debug|x64
		Debug|x86 = Debug|x86
		Release|Any CPU = Release|Any CPU
		Release|x64 = Release|x64
		Release|x86 = Release|x86
	EndGlobalSection
	GlobalSection(ProjectConfigurationPlatforms) = postSolution
		{8140B399-FDA8-42C9-93D0-A772429E3E52}.Debug|Any CPU.ActiveCfg = Debug|Any CPU
		{8140B399-FDA8-42C9-93D0-A772429E3E52}.Debug|Any CPU.Build.0 = Debug|Any CPU
		{8140B399-FDA8-42C9-93D0-A772429E3E52}.Debug|x64.ActiveCfg = Debug|Any CPU
		{8140B399-FDA8-42C9-93D0-A772429E3E52}.Debug|x64.Build.0 = Debug|Any CPU
		{8140B399-FDA8-42C9-93D0-A772429E3E52}.Debug|x86.ActiveCfg = Debug|Any CPU
		{8140B399-FDA8-42C9-93D0-A772429E3E52}.Debug|x86.Build.0 = Debug|Any CPU
		{8140B399-FDA8-42C9-93D0-A772429E3E52}.Release|Any CPU.ActiveCfg = Release|Any CPU
		{8140B399-FDA8-42C9-93D0-A772429E3E52}.Release|Any CPU.Build.0 = Release|Any CPU
		{8140B399-FDA8-42C9-93D0-A772429E3E52}.Release|x64.ActiveCfg = Release|Any CPU
		{8140B399-FDA8-42C9-93D0-A772429E3E52}.Release|x64.Build.0 = Release|Any CPU
		{8140B399-FDA8-42C9-93D0-A772429E3E52}.Release|x86.ActiveCfg = Release|Any CPU
		{8140B399-FDA8-42C9-93D0-A772429E3E52}.Release|x86.Build.0 = Release|Any CPU
	EndGlobalSection
	GlobalSection(SolutionProperties) = preSolution
		HideSolutionNode = FALSE
	EndGlobalSection
	GlobalSection(NestedProjects) = preSolution
		{485D1401-5DD6-0FD9-DBA8-4E87E45562BC} = {BEC6521A-F901-2BBF-F273-35A4FDC6E8A1}
		{5E6D220B-F944-3789-D2B6-24CD6C49178C} = {485D1401-5DD6-0FD9-DBA8-4E87E45562BC}
		{8140B399-FDA8-42C9-93D0-A772429E3E52} = {5E6D220B-F944-3789-D2B6-24CD6C49178C}
	EndGlobalSection
	GlobalSection(ExtensibilityGlobals) = postSolution
		SolutionGuid = {9B10647F-46EA-4DB5-AA5F-5015BED21DA2}
	EndGlobalSection
EndGlobal
